// !$*UTF8*$!
{
	archiveVersion = 1;
	classes = {
	};
	objectVersion = 56;
	objects = {

/* Begin PBXBuildFile section */
		A91814852A0220F0009C3673 /* UseCoreMLApp.swift in Sources */ = {isa = PBXBuildFile; fileRef = A91814842A0220F0009C3673 /* UseCoreMLApp.swift */; };
		A91814872A0220F0009C3673 /* ContentView.swift in Sources */ = {isa = PBXBuildFile; fileRef = A91814862A0220F0009C3673 /* ContentView.swift */; };
		A91814892A0220F1009C3673 /* Assets.xcassets in Resources */ = {isa = PBXBuildFile; fileRef = A91814882A0220F1009C3673 /* Assets.xcassets */; };
		A918148C2A0220F1009C3673 /* Preview Assets.xcassets in Resources */ = {isa = PBXBuildFile; fileRef = A918148B2A0220F1009C3673 /* Preview Assets.xcassets */; };
		A918148E2A0220F1009C3673 /* Persistence.swift in Sources */ = {isa = PBXBuildFile; fileRef = A918148D2A0220F1009C3673 /* Persistence.swift */; };
		A91814912A0220F1009C3673 /* UseCoreML.xcdatamodeld in Sources */ = {isa = PBXBuildFile; fileRef = A918148F2A0220F1009C3673 /* UseCoreML.xcdatamodeld */; };
		A918149B2A0220F1009C3673 /* UseCoreMLTests.swift in Sources */ = {isa = PBXBuildFile; fileRef = A918149A2A0220F1009C3673 /* UseCoreMLTests.swift */; };
		A91814A52A0220F1009C3673 /* UseCoreMLUITests.swift in Sources */ = {isa = PBXBuildFile; fileRef = A91814A42A0220F1009C3673 /* UseCoreMLUITests.swift */; };
		A91814A72A0220F1009C3673 /* UseCoreMLUITestsLaunchTests.swift in Sources */ = {isa = PBXBuildFile; fileRef = A91814A62A0220F1009C3673 /* UseCoreMLUITestsLaunchTests.swift */; };
/* End PBXBuildFile section */

/* Begin PBXContainerItemProxy section */
		A91814972A0220F1009C3673 /* PBXContainerItemProxy */ = {
			isa = PBXContainerItemProxy;
			containerPortal = A91814792A0220F0009C3673 /* Project object */;
			proxyType = 1;
			remoteGlobalIDString = A91814802A0220F0009C3673;
			remoteInfo = UseCoreML;
		};
		A91814A12A0220F1009C3673 /* PBXContainerItemProxy */ = {
			isa = PBXContainerItemProxy;
			containerPortal = A91814792A0220F0009C3673 /* Project object */;
			proxyType = 1;
			remoteGlobalIDString = A91814802A0220F0009C3673;
			remoteInfo = UseCoreML;
		};
/* End PBXContainerItemProxy section */

/* Begin PBXFileReference section */
		A91814812A0220F0009C3673 /* UseCoreML.app */ = {isa = PBXFileReference; explicitFileType = wrapper.application; includeInIndex = 0; path = UseCoreML.app; sourceTree = BUILT_PRODUCTS_DIR; };
		A91814842A0220F0009C3673 /* UseCoreMLApp.swift */ = {isa = PBXFileReference; lastKnownFileType = sourcecode.swift; path = UseCoreMLApp.swift; sourceTree = "<group>"; };
		A91814862A0220F0009C3673 /* ContentView.swift */ = {isa = PBXFileReference; lastKnownFileType = sourcecode.swift; path = ContentView.swift; sourceTree = "<group>"; };
		A91814882A0220F1009C3673 /* Assets.xcassets */ = {isa = PBXFileReference; lastKnownFileType = folder.assetcatalog; path = Assets.xcassets; sourceTree = "<group>"; };
		A918148B2A0220F1009C3673 /* Preview Assets.xcassets */ = {isa = PBXFileReference; lastKnownFileType = folder.assetcatalog; path = "Preview Assets.xcassets"; sourceTree = "<group>"; };
		A918148D2A0220F1009C3673 /* Persistence.swift */ = {isa = PBXFileReference; lastKnownFileType = sourcecode.swift; path = Persistence.swift; sourceTree = "<group>"; };
		A91814902A0220F1009C3673 /* UseCoreML.xcdatamodel */ = {isa = PBXFileReference; lastKnownFileType = wrapper.xcdatamodel; path = UseCoreML.xcdatamodel; sourceTree = "<group>"; };
		A91814962A0220F1009C3673 /* UseCoreMLTests.xctest */ = {isa = PBXFileReference; explicitFileType = wrapper.cfbundle; includeInIndex = 0; path = UseCoreMLTests.xctest; sourceTree = BUILT_PRODUCTS_DIR; };
		A918149A2A0220F1009C3673 /* UseCoreMLTests.swift */ = {isa = PBXFileReference; lastKnownFileType = sourcecode.swift; path = UseCoreMLTests.swift; sourceTree = "<group>"; };
		A91814A02A0220F1009C3673 /* UseCoreMLUITests.xctest */ = {isa = PBXFileReference; explicitFileType = wrapper.cfbundle; includeInIndex = 0; path = UseCoreMLUITests.xctest; sourceTree = BUILT_PRODUCTS_DIR; };
		A91814A42A0220F1009C3673 /* UseCoreMLUITests.swift */ = {isa = PBXFileReference; lastKnownFileType = sourcecode.swift; path = UseCoreMLUITests.swift; sourceTree = "<group>"; };
		A91814A62A0220F1009C3673 /* UseCoreMLUITestsLaunchTests.swift */ = {isa = PBXFileReference; lastKnownFileType = sourcecode.swift; path = UseCoreMLUITestsLaunchTests.swift; sourceTree = "<group>"; };
/* End PBXFileReference section */

/* Begin PBXFrameworksBuildPhase section */
		A918147E2A0220F0009C3673 /* Frameworks */ = {
			isa = PBXFrameworksBuildPhase;
			buildActionMask = 2147483647;
			files = (
			);
			runOnlyForDeploymentPostprocessing = 0;
		};
		A91814932A0220F1009C3673 /* Frameworks */ = {
			isa = PBXFrameworksBuildPhase;
			buildActionMask = 2147483647;
			files = (
			);
			runOnlyForDeploymentPostprocessing = 0;
		};
		A918149D2A0220F1009C3673 /* Frameworks */ = {
			isa = PBXFrameworksBuildPhase;
			buildActionMask = 2147483647;
			files = (
			);
			runOnlyForDeploymentPostprocessing = 0;
		};
/* End PBXFrameworksBuildPhase section */

/* Begin PBXGroup section */
		A91814782A0220F0009C3673 = {
			isa = PBXGroup;
			children = (
				A91814832A0220F0009C3673 /* UseCoreML */,
				A91814992A0220F1009C3673 /* UseCoreMLTests */,
				A91814A32A0220F1009C3673 /* UseCoreMLUITests */,
				A91814822A0220F0009C3673 /* Products */,
			);
			sourceTree = "<group>";
		};
		A91814822A0220F0009C3673 /* Products */ = {
			isa = PBXGroup;
			children = (
				A91814812A0220F0009C3673 /* UseCoreML.app */,
				A91814962A0220F1009C3673 /* UseCoreMLTests.xctest */,
				A91814A02A0220F1009C3673 /* UseCoreMLUITests.xctest */,
			);
			name = Products;
			sourceTree = "<group>";
		};
		A91814832A0220F0009C3673 /* UseCoreML */ = {
			isa = PBXGroup;
			children = (
				A91814842A0220F0009C3673 /* UseCoreMLApp.swift */,
				A91814862A0220F0009C3673 /* ContentView.swift */,
				A91814882A0220F1009C3673 /* Assets.xcassets */,
				A918148D2A0220F1009C3673 /* Persistence.swift */,
				A918148F2A0220F1009C3673 /* UseCoreML.xcdatamodeld */,
				A918148A2A0220F1009C3673 /* Preview Content */,
			);
			path = UseCoreML;
			sourceTree = "<group>";
		};
		A918148A2A0220F1009C3673 /* Preview Content */ = {
			isa = PBXGroup;
			children = (
				A918148B2A0220F1009C3673 /* Preview Assets.xcassets */,
			);
			path = "Preview Content";
			sourceTree = "<group>";
		};
		A91814992A0220F1009C3673 /* UseCoreMLTests */ = {
			isa = PBXGroup;
			children = (
				A918149A2A0220F1009C3673 /* UseCoreMLTests.swift */,
			);
			path = UseCoreMLTests;
			sourceTree = "<group>";
		};
		A91814A32A0220F1009C3673 /* UseCoreMLUITests */ = {
			isa = PBXGroup;
			children = (
				A91814A42A0220F1009C3673 /* UseCoreMLUITests.swift */,
				A91814A62A0220F1009C3673 /* UseCoreMLUITestsLaunchTests.swift */,
			);
			path = UseCoreMLUITests;
			sourceTree = "<group>";
		};
/* End PBXGroup section */

/* Begin PBXNativeTarget section */
		A91814802A0220F0009C3673 /* UseCoreML */ = {
			isa = PBXNativeTarget;
			buildConfigurationList = A91814AA2A0220F1009C3673 /* Build configuration list for PBXNativeTarget "UseCoreML" */;
			buildPhases = (
				A918147D2A0220F0009C3673 /* Sources */,
				A918147E2A0220F0009C3673 /* Frameworks */,
				A918147F2A0220F0009C3673 /* Resources */,
			);
			buildRules = (
			);
			dependencies = (
			);
			name = UseCoreML;
			productName = UseCoreML;
			productReference = A91814812A0220F0009C3673 /* UseCoreML.app */;
			productType = "com.apple.product-type.application";
		};
		A91814952A0220F1009C3673 /* UseCoreMLTests */ = {
			isa = PBXNativeTarget;
			buildConfigurationList = A91814AD2A0220F1009C3673 /* Build configuration list for PBXNativeTarget "UseCoreMLTests" */;
			buildPhases = (
				A91814922A0220F1009C3673 /* Sources */,
				A91814932A0220F1009C3673 /* Frameworks */,
				A91814942A0220F1009C3673 /* Resources */,
			);
			buildRules = (
			);
			dependencies = (
				A91814982A0220F1009C3673 /* PBXTargetDependency */,
			);
			name = UseCoreMLTests;
			productName = UseCoreMLTests;
			productReference = A91814962A0220F1009C3673 /* UseCoreMLTests.xctest */;
			productType = "com.apple.product-type.bundle.unit-test";
		};
		A918149F2A0220F1009C3673 /* UseCoreMLUITests */ = {
			isa = PBXNativeTarget;
			buildConfigurationList = A91814B02A0220F1009C3673 /* Build configuration list for PBXNativeTarget "UseCoreMLUITests" */;
			buildPhases = (
				A918149C2A0220F1009C3673 /* Sources */,
				A918149D2A0220F1009C3673 /* Frameworks */,
				A918149E2A0220F1009C3673 /* Resources */,
			);
			buildRules = (
			);
			dependencies = (
				A91814A22A0220F1009C3673 /* PBXTargetDependency */,
			);
			name = UseCoreMLUITests;
			productName = UseCoreMLUITests;
			productReference = A91814A02A0220F1009C3673 /* UseCoreMLUITests.xctest */;
			productType = "com.apple.product-type.bundle.ui-testing";
		};
/* End PBXNativeTarget section */

/* Begin PBXProject section */
		A91814792A0220F0009C3673 /* Project object */ = {
			isa = PBXProject;
			attributes = {
				BuildIndependentTargetsInParallel = 1;
				LastSwiftUpdateCheck = 1430;
				LastUpgradeCheck = 1430;
				TargetAttributes = {
					A91814802A0220F0009C3673 = {
						CreatedOnToolsVersion = 14.3;
					};
					A91814952A0220F1009C3673 = {
						CreatedOnToolsVersion = 14.3;
						TestTargetID = A91814802A0220F0009C3673;
					};
					A918149F2A0220F1009C3673 = {
						CreatedOnToolsVersion = 14.3;
						TestTargetID = A91814802A0220F0009C3673;
					};
				};
			};
			buildConfigurationList = A918147C2A0220F0009C3673 /* Build configuration list for PBXProject "UseCoreML" */;
			compatibilityVersion = "Xcode 14.0";
			developmentRegion = en;
			hasScannedForEncodings = 0;
			knownRegions = (
				en,
				Base,
			);
			mainGroup = A91814782A0220F0009C3673;
			productRefGroup = A91814822A0220F0009C3673 /* Products */;
			projectDirPath = "";
			projectRoot = "";
			targets = (
				A91814802A0220F0009C3673 /* UseCoreML */,
				A91814952A0220F1009C3673 /* UseCoreMLTests */,
				A918149F2A0220F1009C3673 /* UseCoreMLUITests */,
			);
		};
/* End PBXProject section */

/* Begin PBXResourcesBuildPhase section */
		A918147F2A0220F0009C3673 /* Resources */ = {
			isa = PBXResourcesBuildPhase;
			buildActionMask = 2147483647;
			files = (
				A918148C2A0220F1009C3673 /* Preview Assets.xcassets in Resources */,
				A91814892A0220F1009C3673 /* Assets.xcassets in Resources */,
			);
			runOnlyForDeploymentPostprocessing = 0;
		};
		A91814942A0220F1009C3673 /* Resources */ = {
			isa = PBXResourcesBuildPhase;
			buildActionMask = 2147483647;
			files = (
			);
			runOnlyForDeploymentPostprocessing = 0;
		};
		A918149E2A0220F1009C3673 /* Resources */ = {
			isa = PBXResourcesBuildPhase;
			buildActionMask = 2147483647;
			files = (
			);
			runOnlyForDeploymentPostprocessing = 0;
		};
/* End PBXResourcesBuildPhase section */

/* Begin PBXSourcesBuildPhase section */
		A918147D2A0220F0009C3673 /* Sources */ = {
			isa = PBXSourcesBuildPhase;
			buildActionMask = 2147483647;
			files = (
				A918148E2A0220F1009C3673 /* Persistence.swift in Sources */,
				A91814912A0220F1009C3673 /* UseCoreML.xcdatamodeld in Sources */,
				A91814872A0220F0009C3673 /* ContentView.swift in Sources */,
				A91814852A0220F0009C3673 /* UseCoreMLApp.swift in Sources */,
			);
			runOnlyForDeploymentPostprocessing = 0;
		};
		A91814922A0220F1009C3673 /* Sources */ = {
			isa = PBXSourcesBuildPhase;
			buildActionMask = 2147483647;
			files = (
				A918149B2A0220F1009C3673 /* UseCoreMLTests.swift in Sources */,
			);
			runOnlyForDeploymentPostprocessing = 0;
		};
		A918149C2A0220F1009C3673 /* Sources */ = {
			isa = PBXSourcesBuildPhase;
			buildActionMask = 2147483647;
			files = (
				A91814A72A0220F1009C3673 /* UseCoreMLUITestsLaunchTests.swift in Sources */,
				A91814A52A0220F1009C3673 /* UseCoreMLUITests.swift in Sources */,
			);
			runOnlyForDeploymentPostprocessing = 0;
		};
/* End PBXSourcesBuildPhase section */

/* Begin PBXTargetDependency section */
		A91814982A0220F1009C3673 /* PBXTargetDependency */ = {
			isa = PBXTargetDependency;
			target = A91814802A0220F0009C3673 /* UseCoreML */;
			targetProxy = A91814972A0220F1009C3673 /* PBXContainerItemProxy */;
		};
		A91814A22A0220F1009C3673 /* PBXTargetDependency */ = {
			isa = PBXTargetDependency;
			target = A91814802A0220F0009C3673 /* UseCoreML */;
			targetProxy = A91814A12A0220F1009C3673 /* PBXContainerItemProxy */;
		};
/* End PBXTargetDependency section */

/* Begin XCBuildConfiguration section */
		A91814A82A0220F1009C3673 /* Debug */ = {
			isa = XCBuildConfiguration;
			buildSettings = {
				ALWAYS_SEARCH_USER_PATHS = NO;
				CLANG_ANALYZER_NONNULL = YES;
				CLANG_ANALYZER_NUMBER_OBJECT_CONVERSION = YES_AGGRESSIVE;
				CLANG_CXX_LANGUAGE_STANDARD = "gnu++20";
				CLANG_ENABLE_MODULES = YES;
				CLANG_ENABLE_OBJC_ARC = YES;
				CLANG_ENABLE_OBJC_WEAK = YES;
				CLANG_WARN_BLOCK_CAPTURE_AUTORELEASING = YES;
				CLANG_WARN_BOOL_CONVERSION = YES;
				CLANG_WARN_COMMA = YES;
				CLANG_WARN_CONSTANT_CONVERSION = YES;
				CLANG_WARN_DEPRECATED_OBJC_IMPLEMENTATIONS = YES;
				CLANG_WARN_DIRECT_OBJC_ISA_USAGE = YES_ERROR;
				CLANG_WARN_DOCUMENTATION_COMMENTS = YES;
				CLANG_WARN_EMPTY_BODY = YES;
				CLANG_WARN_ENUM_CONVERSION = YES;
				CLANG_WARN_INFINITE_RECURSION = YES;
				CLANG_WARN_INT_CONVERSION = YES;
				CLANG_WARN_NON_LITERAL_NULL_CONVERSION = YES;
				CLANG_WARN_OBJC_IMPLICIT_RETAIN_SELF = YES;
				CLANG_WARN_OBJC_LITERAL_CONVERSION = YES;
				CLANG_WARN_OBJC_ROOT_CLASS = YES_ERROR;
				CLANG_WARN_QUOTED_INCLUDE_IN_FRAMEWORK_HEADER = YES;
				CLANG_WARN_RANGE_LOOP_ANALYSIS = YES;
				CLANG_WARN_STRICT_PROTOTYPES = YES;
				CLANG_WARN_SUSPICIOUS_MOVE = YES;
				CLANG_WARN_UNGUARDED_AVAILABILITY = YES_AGGRESSIVE;
				CLANG_WARN_UNREACHABLE_CODE = YES;
				CLANG_WARN__DUPLICATE_METHOD_MATCH = YES;
				COPY_PHASE_STRIP = NO;
				DEBUG_INFORMATION_FORMAT = dwarf;
				ENABLE_STRICT_OBJC_MSGSEND = YES;
				ENABLE_TESTABILITY = YES;
				GCC_C_LANGUAGE_STANDARD = gnu11;
				GCC_DYNAMIC_NO_PIC = NO;
				GCC_NO_COMMON_BLOCKS = YES;
				GCC_OPTIMIZATION_LEVEL = 0;
				GCC_PREPROCESSOR_DEFINITIONS = (
					"DEBUG=1",
					"$(inherited)",
				);
				GCC_WARN_64_TO_32_BIT_CONVERSION = YES;
				GCC_WARN_ABOUT_RETURN_TYPE = YES_ERROR;
				GCC_WARN_UNDECLARED_SELECTOR = YES;
				GCC_WARN_UNINITIALIZED_AUTOS = YES_AGGRESSIVE;
				GCC_WARN_UNUSED_FUNCTION = YES;
				GCC_WARN_UNUSED_VARIABLE = YES;
				IPHONEOS_DEPLOYMENT_TARGET = 16.4;
				MTL_ENABLE_DEBUG_INFO = INCLUDE_SOURCE;
				MTL_FAST_MATH = YES;
				ONLY_ACTIVE_ARCH = YES;
				SDKROOT = iphoneos;
				SWIFT_ACTIVE_COMPILATION_CONDITIONS = DEBUG;
				SWIFT_OPTIMIZATION_LEVEL = "-Onone";
			};
			name = Debug;
		};
		A91814A92A0220F1009C3673 /* Release */ = {
			isa = XCBuildConfiguration;
			buildSettings = {
				ALWAYS_SEARCH_USER_PATHS = NO;
				CLANG_ANALYZER_NONNULL = YES;
				CLANG_ANALYZER_NUMBER_OBJECT_CONVERSION = YES_AGGRESSIVE;
				CLANG_CXX_LANGUAGE_STANDARD = "gnu++20";
				CLANG_ENABLE_MODULES = YES;
				CLANG_ENABLE_OBJC_ARC = YES;
				CLANG_ENABLE_OBJC_WEAK = YES;
				CLANG_WARN_BLOCK_CAPTURE_AUTORELEASING = YES;
				CLANG_WARN_BOOL_CONVERSION = YES;
				CLANG_WARN_COMMA = YES;
				CLANG_WARN_CONSTANT_CONVERSION = YES;
				CLANG_WARN_DEPRECATED_OBJC_IMPLEMENTATIONS = YES;
				CLANG_WARN_DIRECT_OBJC_ISA_USAGE = YES_ERROR;
				CLANG_WARN_DOCUMENTATION_COMMENTS = YES;
				CLANG_WARN_EMPTY_BODY = YES;
				CLANG_WARN_ENUM_CONVERSION = YES;
				CLANG_WARN_INFINITE_RECURSION = YES;
				CLANG_WARN_INT_CONVERSION = YES;
				CLANG_WARN_NON_LITERAL_NULL_CONVERSION = YES;
				CLANG_WARN_OBJC_IMPLICIT_RETAIN_SELF = YES;
				CLANG_WARN_OBJC_LITERAL_CONVERSION = YES;
				CLANG_WARN_OBJC_ROOT_CLASS = YES_ERROR;
				CLANG_WARN_QUOTED_INCLUDE_IN_FRAMEWORK_HEADER = YES;
				CLANG_WARN_RANGE_LOOP_ANALYSIS = YES;
				CLANG_WARN_STRICT_PROTOTYPES = YES;
				CLANG_WARN_SUSPICIOUS_MOVE = YES;
				CLANG_WARN_UNGUARDED_AVAILABILITY = YES_AGGRESSIVE;
				CLANG_WARN_UNREACHABLE_CODE = YES;
				CLANG_WARN__DUPLICATE_METHOD_MATCH = YES;
				COPY_PHASE_STRIP = NO;
				DEBUG_INFORMATION_FORMAT = "dwarf-with-dsym";
				ENABLE_NS_ASSERTIONS = NO;
				ENABLE_STRICT_OBJC_MSGSEND = YES;
				GCC_C_LANGUAGE_STANDARD = gnu11;
				GCC_NO_COMMON_BLOCKS = YES;
				GCC_WARN_64_TO_32_BIT_CONVERSION = YES;
				GCC_WARN_ABOUT_RETURN_TYPE = YES_ERROR;
				GCC_WARN_UNDECLARED_SELECTOR = YES;
				GCC_WARN_UNINITIALIZED_AUTOS = YES_AGGRESSIVE;
				GCC_WARN_UNUSED_FUNCTION = YES;
				GCC_WARN_UNUSED_VARIABLE = YES;
				IPHONEOS_DEPLOYMENT_TARGET = 16.4;
				MTL_ENABLE_DEBUG_INFO = NO;
				MTL_FAST_MATH = YES;
				SDKROOT = iphoneos;
				SWIFT_COMPILATION_MODE = wholemodule;
				SWIFT_OPTIMIZATION_LEVEL = "-O";
				VALIDATE_PRODUCT = YES;
			};
			name = Release;
		};
		A91814AB2A0220F1009C3673 /* Debug */ = {
			isa = XCBuildConfiguration;
			buildSettings = {
				ASSETCATALOG_COMPILER_APPICON_NAME = AppIcon;
				ASSETCATALOG_COMPILER_GLOBAL_ACCENT_COLOR_NAME = AccentColor;
				CODE_SIGN_STYLE = Automatic;
				CURRENT_PROJECT_VERSION = 1;
				DEVELOPMENT_ASSET_PATHS = "\"UseCoreML/Preview Content\"";
				ENABLE_PREVIEWS = YES;
				GENERATE_INFOPLIST_FILE = YES;
				INFOPLIST_KEY_UIApplicationSceneManifest_Generation = YES;
				INFOPLIST_KEY_UIApplicationSupportsIndirectInputEvents = YES;
				INFOPLIST_KEY_UILaunchScreen_Generation = YES;
				INFOPLIST_KEY_UISupportedInterfaceOrientations_iPad = "UIInterfaceOrientationPortrait UIInterfaceOrientationPortraitUpsideDown UIInterfaceOrientationLandscapeLeft UIInterfaceOrientationLandscapeRight";
				INFOPLIST_KEY_UISupportedInterfaceOrientations_iPhone = "UIInterfaceOrientationPortrait UIInterfaceOrientationLandscapeLeft UIInterfaceOrientationLandscapeRight";
				LD_RUNPATH_SEARCH_PATHS = (
					"$(inherited)",
					"@executable_path/Frameworks",
				);
				MARKETING_VERSION = 1.0;
				PRODUCT_BUNDLE_IDENTIFIER = marbie.UseCoreML;
				PRODUCT_NAME = "$(TARGET_NAME)";
				SWIFT_EMIT_LOC_STRINGS = YES;
				SWIFT_VERSION = 5.0;
				TARGETED_DEVICE_FAMILY = "1,2";
			};
			name = Debug;
		};
		A91814AC2A0220F1009C3673 /* Release */ = {
			isa = XCBuildConfiguration;
			buildSettings = {
				ASSETCATALOG_COMPILER_APPICON_NAME = AppIcon;
				ASSETCATALOG_COMPILER_GLOBAL_ACCENT_COLOR_NAME = AccentColor;
				CODE_SIGN_STYLE = Automatic;
				CURRENT_PROJECT_VERSION = 1;
				DEVELOPMENT_ASSET_PATHS = "\"UseCoreML/Preview Content\"";
				ENABLE_PREVIEWS = YES;
				GENERATE_INFOPLIST_FILE = YES;
				INFOPLIST_KEY_UIApplicationSceneManifest_Generation = YES;
				INFOPLIST_KEY_UIApplicationSupportsIndirectInputEvents = YES;
				INFOPLIST_KEY_UILaunchScreen_Generation = YES;
				INFOPLIST_KEY_UISupportedInterfaceOrientations_iPad = "UIInterfaceOrientationPortrait UIInterfaceOrientationPortraitUpsideDown UIInterfaceOrientationLandscapeLeft UIInterfaceOrientationLandscapeRight";
				INFOPLIST_KEY_UISupportedInterfaceOrientations_iPhone = "UIInterfaceOrientationPortrait UIInterfaceOrientationLandscapeLeft UIInterfaceOrientationLandscapeRight";
				LD_RUNPATH_SEARCH_PATHS = (
					"$(inherited)",
					"@executable_path/Frameworks",
				);
				MARKETING_VERSION = 1.0;
				PRODUCT_BUNDLE_IDENTIFIER = marbie.UseCoreML;
				PRODUCT_NAME = "$(TARGET_NAME)";
				SWIFT_EMIT_LOC_STRINGS = YES;
				SWIFT_VERSION = 5.0;
				TARGETED_DEVICE_FAMILY = "1,2";
			};
			name = Release;
		};
		A91814AE2A0220F1009C3673 /* Debug */ = {
			isa = XCBuildConfiguration;
			buildSettings = {
				ALWAYS_EMBED_SWIFT_STANDARD_LIBRARIES = YES;
				BUNDLE_LOADER = "$(TEST_HOST)";
				CODE_SIGN_STYLE = Automatic;
				CURRENT_PROJECT_VERSION = 1;
				GENERATE_INFOPLIST_FILE = YES;
				IPHONEOS_DEPLOYMENT_TARGET = 16.4;
				MARKETING_VERSION = 1.0;
				PRODUCT_BUNDLE_IDENTIFIER = marbie.UseCoreMLTests;
				PRODUCT_NAME = "$(TARGET_NAME)";
				SWIFT_EMIT_LOC_STRINGS = NO;
				SWIFT_VERSION = 5.0;
				TARGETED_DEVICE_FAMILY = "1,2";
				TEST_HOST = "$(BUILT_PRODUCTS_DIR)/UseCoreML.app/$(BUNDLE_EXECUTABLE_FOLDER_PATH)/UseCoreML";
			};
			name = Debug;
		};
		A91814AF2A0220F1009C3673 /* Release */ = {
			isa = XCBuildConfiguration;
			buildSettings = {
				ALWAYS_EMBED_SWIFT_STANDARD_LIBRARIES = YES;
				BUNDLE_LOADER = "$(TEST_HOST)";
				CODE_SIGN_STYLE = Automatic;
				CURRENT_PROJECT_VERSION = 1;
				GENERATE_INFOPLIST_FILE = YES;
				IPHONEOS_DEPLOYMENT_TARGET = 16.4;
				MARKETING_VERSION = 1.0;
				PRODUCT_BUNDLE_IDENTIFIER = marbie.UseCoreMLTests;
				PRODUCT_NAME = "$(TARGET_NAME)";
				SWIFT_EMIT_LOC_STRINGS = NO;
				SWIFT_VERSION = 5.0;
				TARGETED_DEVICE_FAMILY = "1,2";
				TEST_HOST = "$(BUILT_PRODUCTS_DIR)/UseCoreML.app/$(BUNDLE_EXECUTABLE_FOLDER_PATH)/UseCoreML";
			};
			name = Release;
		};
		A91814B12A0220F1009C3673 /* Debug */ = {
			isa = XCBuildConfiguration;
			buildSettings = {
				ALWAYS_EMBED_SWIFT_STANDARD_LIBRARIES = YES;
				CODE_SIGN_STYLE = Automatic;
				CURRENT_PROJECT_VERSION = 1;
				GENERATE_INFOPLIST_FILE = YES;
				MARKETING_VERSION = 1.0;
				PRODUCT_BUNDLE_IDENTIFIER = marbie.UseCoreMLUITests;
				PRODUCT_NAME = "$(TARGET_NAME)";
				SWIFT_EMIT_LOC_STRINGS = NO;
				SWIFT_VERSION = 5.0;
				TARGETED_DEVICE_FAMILY = "1,2";
				TEST_TARGET_NAME = UseCoreML;
			};
			name = Debug;
		};
		A91814B22A0220F1009C3673 /* Release */ = {
			isa = XCBuildConfiguration;
			buildSettings = {
				ALWAYS_EMBED_SWIFT_STANDARD_LIBRARIES = YES;
				CODE_SIGN_STYLE = Automatic;
				CURRENT_PROJECT_VERSION = 1;
				GENERATE_INFOPLIST_FILE = YES;
				MARKETING_VERSION = 1.0;
				PRODUCT_BUNDLE_IDENTIFIER = marbie.UseCoreMLUITests;
				PRODUCT_NAME = "$(TARGET_NAME)";
				SWIFT_EMIT_LOC_STRINGS = NO;
				SWIFT_VERSION = 5.0;
				TARGETED_DEVICE_FAMILY = "1,2";
				TEST_TARGET_NAME = UseCoreML;
			};
			name = Release;
		};
/* End XCBuildConfiguration section */

/* Begin XCConfigurationList section */
		A918147C2A0220F0009C3673 /* Build configuration list for PBXProject "UseCoreML" */ = {
			isa = XCConfigurationList;
			buildConfigurations = (
				A91814A82A0220F1009C3673 /* Debug */,
				A91814A92A0220F1009C3673 /* Release */,
			);
			defaultConfigurationIsVisible = 0;
			defaultConfigurationName = Release;
		};
		A91814AA2A0220F1009C3673 /* Build configuration list for PBXNativeTarget "UseCoreML" */ = {
			isa = XCConfigurationList;
			buildConfigurations = (
				A91814AB2A0220F1009C3673 /* Debug */,
				A91814AC2A0220F1009C3673 /* Release */,
			);
			defaultConfigurationIsVisible = 0;
			defaultConfigurationName = Release;
		};
		A91814AD2A0220F1009C3673 /* Build configuration list for PBXNativeTarget "UseCoreMLTests" */ = {
			isa = XCConfigurationList;
			buildConfigurations = (
				A91814AE2A0220F1009C3673 /* Debug */,
				A91814AF2A0220F1009C3673 /* Release */,
			);
			defaultConfigurationIsVisible = 0;
			defaultConfigurationName = Release;
		};
		A91814B02A0220F1009C3673 /* Build configuration list for PBXNativeTarget "UseCoreMLUITests" */ = {
			isa = XCConfigurationList;
			buildConfigurations = (
				A91814B12A0220F1009C3673 /* Debug */,
				A91814B22A0220F1009C3673 /* Release */,
			);
			defaultConfigurationIsVisible = 0;
			defaultConfigurationName = Release;
		};
/* End XCConfigurationList section */

/* Begin XCVersionGroup section */
		A918148F2A0220F1009C3673 /* UseCoreML.xcdatamodeld */ = {
			isa = XCVersionGroup;
			children = (
				A91814902A0220F1009C3673 /* UseCoreML.xcdatamodel */,
			);
			currentVersion = A91814902A0220F1009C3673 /* UseCoreML.xcdatamodel */;
			path = UseCoreML.xcdatamodeld;
			sourceTree = "<group>";
			versionGroupType = wrapper.xcdatamodel;
		};
/* End XCVersionGroup section */
	};
	rootObject = A91814792A0220F0009C3673 /* Project object */;
}
